
Microsoft Visual Studio Solution File, Format Version 12.00
# Visual Studio Version 17
VisualStudioVersion = 17.4.33213.308
MinimumVisualStudioVersion = 10.0.40219.1
Project("{2150E333-8FDC-42A3-9474-1A3956D46DE8}") = "src", "src", "{831D85F2-232A-449C-9879-4B7521C60470}"
EndProject
Project("{2150E333-8FDC-42A3-9474-1A3956D46DE8}") = "tests", "tests", "{843AAB18-F082-443C-9E1A-2B8171AECA45}"
EndProject
Project("{2150E333-8FDC-42A3-9474-1A3956D46DE8}") = "exemples", "exemples", "{60007A31-25D9-4A17-ABBD-8ECE2E3346C7}"
EndProject
Project("{9A19103F-16F7-4668-BE54-9A1E7A4F7556}") = "LogTemplate", "src\LogTemplate\LogTemplate.csproj", "{5661899C-D0E8-49B1-A22F-BEA04D50CF8C}"
EndProject
Project("{9A19103F-16F7-4668-BE54-9A1E7A4F7556}") = "LogTemplateTest", "tests\LogTemplateTest\LogTemplateTest.csproj", "{18BD0D7B-F570-416F-9AFD-A05829C974C7}"
EndProject
Project("{FAE04EC0-301F-11D3-BF4B-00C04F79EFBC}") = "LogTemplateApplication", "exemple\LogTemplateApplication\LogTemplateApplication.csproj", "{13EE7ABE-FECF-4A1C-943E-3EE2C14266EE}"
EndProject
Global
	GlobalSection(SolutionConfigurationPlatforms) = preSolution
		Debug|Any CPU = Debug|Any CPU
		Release|Any CPU = Release|Any CPU
	EndGlobalSection
	GlobalSection(ProjectConfigurationPlatforms) = postSolution
		{5661899C-D0E8-49B1-A22F-BEA04D50CF8C}.Debug|Any CPU.ActiveCfg = Debug|Any CPU
		{5661899C-D0E8-49B1-A22F-BEA04D50CF8C}.Debug|Any CPU.Build.0 = Debug|Any CPU
		{5661899C-D0E8-49B1-A22F-BEA04D50CF8C}.Release|Any CPU.ActiveCfg = Release|Any CPU
		{5661899C-D0E8-49B1-A22F-BEA04D50CF8C}.Release|Any CPU.Build.0 = Release|Any CPU
		{18BD0D7B-F570-416F-9AFD-A05829C974C7}.Debug|Any CPU.ActiveCfg = Debug|Any CPU
		{18BD0D7B-F570-416F-9AFD-A05829C974C7}.Debug|Any CPU.Build.0 = Debug|Any CPU
		{18BD0D7B-F570-416F-9AFD-A05829C974C7}.Release|Any CPU.ActiveCfg = Release|Any CPU
		{18BD0D7B-F570-416F-9AFD-A05829C974C7}.Release|Any CPU.Build.0 = Release|Any CPU
		{13EE7ABE-FECF-4A1C-943E-3EE2C14266EE}.Debug|Any CPU.ActiveCfg = Debug|Any CPU
		{13EE7ABE-FECF-4A1C-943E-3EE2C14266EE}.Debug|Any CPU.Build.0 = Debug|Any CPU
		{13EE7ABE-FECF-4A1C-943E-3EE2C14266EE}.Release|Any CPU.ActiveCfg = Release|Any CPU
		{13EE7ABE-FECF-4A1C-943E-3EE2C14266EE}.Release|Any CPU.Build.0 = Release|Any CPU
	EndGlobalSection
	GlobalSection(SolutionProperties) = preSolution
		HideSolutionNode = FALSE
	EndGlobalSection
	GlobalSection(NestedProjects) = preSolution
		{5661899C-D0E8-49B1-A22F-BEA04D50CF8C} = {831D85F2-232A-449C-9879-4B7521C60470}
		{18BD0D7B-F570-416F-9AFD-A05829C974C7} = {843AAB18-F082-443C-9E1A-2B8171AECA45}
		{13EE7ABE-FECF-4A1C-943E-3EE2C14266EE} = {60007A31-25D9-4A17-ABBD-8ECE2E3346C7}
	EndGlobalSection
	GlobalSection(ExtensibilityGlobals) = postSolution
		SolutionGuid = {33D4A3AC-BAEE-43C1-ACF9-FF1B22F69463}
	EndGlobalSection
EndGlobal
